{
  "version": 4,
  "terraform_version": "1.6.3",
  "serial": 27,
  "lineage": "3841f50b-1b62-bded-3ea8-809aa4f19650",
  "outputs": {
    "ssh_private_key": {
      "value": "-----BEGIN RSA PRIVATE KEY-----\nMIIEpQIBAAKCAQEA6rhePVS/8ym4HSqFr+FKGQ0tTOoW5d7uoAfbNOVSLSE4SG1J\nhH+7Y/UozWMD8disXeX1tJjs/zQgxzxx0xgwWz7ZBvPcxzFsyI56LyzHNlrRioyN\naktJce0OEsmM9Vd+jKqI3ubhlm+pFRvU7oKc6ix42PYUqA9jWdtDO2MGFSXqkr6T\nlZUpobPw9HSGtUxNIEwrMGB62IanSM/FULktjYDWS4hKR+5fUaYRGDVNILlB6XCR\nSd9UyMEwb1jW5RXTl5BKZeh7GTBkKthV/i6yUstrOIBH8rNp4dnzuPQnjAbOKJig\nT4q/n15IVWduEpOYjAChwDi2JY4fnX7k+2+y9wIDAQABAoIBAQCmfFFz5SoleuD5\n5xBeGUlqjXslRCEruT2+yvPECCiKlDaMwN/VmJg9JUZksCe7IjnYfGUUTShFOB9L\n0mbWGSErh19+2/gsXbVQaCboUTWYK0DXqiwgSfh1U3SZBNbzqrS7Z7afjFpUTy06\nKLyW1JQiUZsCIUGzlv6cXLbKZ8mHszpWvRZPYZs8uA5PkiLnCEEeJRRtmXCc8FNY\nprZO1e15FOXpIeZeA1Khh6jZ4TOzmN2pjzWl/nHyqt+1dS9hjHt/WT4bWM4NIxKn\n7LfRogCR2s6XOuObUjLCy0HySCdDjBPPfvOn9g3Fuep6Fsu/JZLLX0gAJ/Fd9Si1\nt661bZwJAoGBAO5V1T1LNc3rnyjKFnQxlKsNLZ9JfAgihePyjyjV7qUxitXu2ypa\n969gctDlDJXZITlQXEU5iB9Jly6u8iBb4Ef3gQ0qS2qYeit5CgeZDOirFvQuxhJu\nU/A+BocbdD6WOfafZ87Y0TYBtFkDIdFxZsAtOGr8pHCXq++n3YI+WQ9rAoGBAPwd\n8UGPG5QMMeXmkmuzsdxcNYv1cWhy9CfU4i+Sm7hcCTdGDzciHWeOlmesEXvK4ZuT\ndnMw52iY1BI3VCpztcHWrOalat1UpJPjM/bUUofI6qAZYEXLiZaAwwDdZKFMFwE6\nNsPd+XXmx0rYP5lTW3rnNHGmSXWrt+knmwzU+gmlAoGAT8uhB1KFAxqeQRPYDLME\n6XgSDECYLEkStszhLXTi36AEsbe03Stzvd320wW8/vahbwT+v5aRgpgq69Ba9IaO\nQsoVBQliEqBWVvPBbeXKMqQFnV+DpWwW4lqB6P5CHypA4ddg9BoXgZN0hFDOI8dp\n9XGub/OCQsglIqn7Ob4SJ10CgYEA/AFh+cn2IxHdfpPun8FKc52n2HJKHcFp07az\nMCI3jRxSCfH5m356Ld0U8iPIhhjRUhUgPRwQ8zhwIpUziAuJDmxq/1ExdHL63ugo\nNP0eUaO/ArDazmkY6ltikCa8Q44vIIbz3uyuQe+gHWvyhmwP8NXSUheJLhmrB18T\nWMw58hECgYEAuGGNJKafXMJv6+Kd1Ar0+dyOVNeyuBchg7pHkQxYotI0vPoJ82Fo\nbgVy+R4NUDqQcVTp0pGh2OOAvwqd5qyWnac+bftfh/6il4XzWNd4TMePEs9/eigE\nyD6M7jnVlGOnu3G0V+UdKH0QuV+X7s8WSOcP10bgVHS0FIk+cR8n9zc=\n-----END RSA PRIVATE KEY-----\n",
      "type": "string",
      "sensitive": true
    }
  },
  "resources": [
    {
      "mode": "managed",
      "type": "aws_instance",
      "name": "private_instance",
      "provider": "provider[\"registry.terraform.io/hashicorp/aws\"]",
      "instances": [
        {
          "schema_version": 1,
          "attributes": {
            "ami": "ami-05c13eab67c5d8861",
            "arn": "arn:aws:ec2:us-east-1:578607922422:instance/i-09c13d4a51cbedbcd",
            "associate_public_ip_address": false,
            "availability_zone": "us-east-1b",
            "capacity_reservation_specification": [
              {
                "capacity_reservation_preference": "open",
                "capacity_reservation_target": []
              }
            ],
            "cpu_core_count": 1,
            "cpu_options": [
              {
                "amd_sev_snp": "",
                "core_count": 1,
                "threads_per_core": 1
              }
            ],
            "cpu_threads_per_core": 1,
            "credit_specification": [
              {
                "cpu_credits": "standard"
              }
            ],
            "disable_api_stop": false,
            "disable_api_termination": false,
            "ebs_block_device": [],
            "ebs_optimized": false,
            "enclave_options": [
              {
                "enabled": false
              }
            ],
            "ephemeral_block_device": [],
            "get_password_data": false,
            "hibernation": false,
            "host_id": "",
            "host_resource_group_arn": null,
            "iam_instance_profile": "",
            "id": "i-09c13d4a51cbedbcd",
            "instance_initiated_shutdown_behavior": "stop",
            "instance_lifecycle": "",
            "instance_market_options": [],
            "instance_state": "running",
            "instance_type": "t2.micro",
            "ipv6_address_count": 0,
            "ipv6_addresses": [],
            "key_name": "demoami",
            "launch_template": [],
            "maintenance_options": [
              {
                "auto_recovery": "default"
              }
            ],
            "metadata_options": [
              {
                "http_endpoint": "enabled",
                "http_protocol_ipv6": "disabled",
                "http_put_response_hop_limit": 2,
                "http_tokens": "required",
                "instance_metadata_tags": "disabled"
              }
            ],
            "monitoring": false,
            "network_interface": [],
            "outpost_arn": "",
            "password_data": "",
            "placement_group": "",
            "placement_partition_number": 0,
            "primary_network_interface_id": "eni-065d9fa3d8a5e2720",
            "private_dns": "ip-10-0-2-239.ec2.internal",
            "private_dns_name_options": [
              {
                "enable_resource_name_dns_a_record": false,
                "enable_resource_name_dns_aaaa_record": false,
                "hostname_type": "ip-name"
              }
            ],
            "private_ip": "10.0.2.239",
            "public_dns": "",
            "public_ip": "",
            "root_block_device": [
              {
                "delete_on_termination": true,
                "device_name": "/dev/xvda",
                "encrypted": false,
                "iops": 3000,
                "kms_key_id": "",
                "tags": {},
                "throughput": 125,
                "volume_id": "vol-04fc4b24cd3a18c3f",
                "volume_size": 8,
                "volume_type": "gp3"
              }
            ],
            "secondary_private_ips": [],
            "security_groups": [],
            "source_dest_check": true,
            "spot_instance_request_id": "",
            "subnet_id": "subnet-059a8031ac0cf9807",
            "tags": {
              "Name": "private-instance"
            },
            "tags_all": {
              "Name": "private-instance"
            },
            "tenancy": "default",
            "timeouts": null,
            "user_data": null,
            "user_data_base64": null,
            "user_data_replace_on_change": false,
            "volume_tags": null,
            "vpc_security_group_ids": [
              "sg-0fbff6f808bba67a0"
            ]
          },
          "sensitive_attributes": [],
          "private": "eyJlMmJmYjczMC1lY2FhLTExZTYtOGY4OC0zNDM2M2JjN2M0YzAiOnsiY3JlYXRlIjo2MDAwMDAwMDAwMDAsImRlbGV0ZSI6MTIwMDAwMDAwMDAwMCwidXBkYXRlIjo2MDAwMDAwMDAwMDB9LCJzY2hlbWFfdmVyc2lvbiI6IjEifQ==",
          "dependencies": [
            "aws_subnet.private_subnet",
            "aws_vpc.my_vpc"
          ]
        }
      ]
    },
    {
      "mode": "managed",
      "type": "aws_instance",
      "name": "public_instance",
      "provider": "provider[\"registry.terraform.io/hashicorp/aws\"]",
      "instances": [
        {
          "schema_version": 1,
          "attributes": {
            "ami": "ami-05c13eab67c5d8861",
            "arn": "arn:aws:ec2:us-east-1:578607922422:instance/i-0bbae865ef318eda8",
            "associate_public_ip_address": true,
            "availability_zone": "us-east-1a",
            "capacity_reservation_specification": [
              {
                "capacity_reservation_preference": "open",
                "capacity_reservation_target": []
              }
            ],
            "cpu_core_count": 1,
            "cpu_options": [
              {
                "amd_sev_snp": "",
                "core_count": 1,
                "threads_per_core": 1
              }
            ],
            "cpu_threads_per_core": 1,
            "credit_specification": [
              {
                "cpu_credits": "standard"
              }
            ],
            "disable_api_stop": false,
            "disable_api_termination": false,
            "ebs_block_device": [],
            "ebs_optimized": false,
            "enclave_options": [
              {
                "enabled": false
              }
            ],
            "ephemeral_block_device": [],
            "get_password_data": false,
            "hibernation": false,
            "host_id": "",
            "host_resource_group_arn": null,
            "iam_instance_profile": "",
            "id": "i-0bbae865ef318eda8",
            "instance_initiated_shutdown_behavior": "stop",
            "instance_lifecycle": "",
            "instance_market_options": [],
            "instance_state": "running",
            "instance_type": "t2.micro",
            "ipv6_address_count": 0,
            "ipv6_addresses": [],
            "key_name": "demoami",
            "launch_template": [],
            "maintenance_options": [
              {
                "auto_recovery": "default"
              }
            ],
            "metadata_options": [
              {
                "http_endpoint": "enabled",
                "http_protocol_ipv6": "disabled",
                "http_put_response_hop_limit": 2,
                "http_tokens": "required",
                "instance_metadata_tags": "disabled"
              }
            ],
            "monitoring": false,
            "network_interface": [],
            "outpost_arn": "",
            "password_data": "",
            "placement_group": "",
            "placement_partition_number": 0,
            "primary_network_interface_id": "eni-00160536779094493",
            "private_dns": "ip-10-0-1-51.ec2.internal",
            "private_dns_name_options": [
              {
                "enable_resource_name_dns_a_record": false,
                "enable_resource_name_dns_aaaa_record": false,
                "hostname_type": "ip-name"
              }
            ],
            "private_ip": "10.0.1.51",
            "public_dns": "ec2-3-91-182-1.compute-1.amazonaws.com",
            "public_ip": "3.91.182.1",
            "root_block_device": [
              {
                "delete_on_termination": true,
                "device_name": "/dev/xvda",
                "encrypted": false,
                "iops": 3000,
                "kms_key_id": "",
                "tags": {},
                "throughput": 125,
                "volume_id": "vol-0447bc34df1ac02b3",
                "volume_size": 8,
                "volume_type": "gp3"
              }
            ],
            "secondary_private_ips": [],
            "security_groups": [],
            "source_dest_check": true,
            "spot_instance_request_id": "",
            "subnet_id": "subnet-0589f85a33b71f35b",
            "tags": {
              "Name": "public-instance"
            },
            "tags_all": {
              "Name": "public-instance"
            },
            "tenancy": "default",
            "timeouts": null,
            "user_data": "c132b2e6e534b550b7a9376b60622097c8bd676c",
            "user_data_base64": null,
            "user_data_replace_on_change": false,
            "volume_tags": null,
            "vpc_security_group_ids": [
              "sg-0fbff6f808bba67a0"
            ]
          },
          "sensitive_attributes": [],
          "private": "eyJlMmJmYjczMC1lY2FhLTExZTYtOGY4OC0zNDM2M2JjN2M0YzAiOnsiY3JlYXRlIjo2MDAwMDAwMDAwMDAsImRlbGV0ZSI6MTIwMDAwMDAwMDAwMCwidXBkYXRlIjo2MDAwMDAwMDAwMDB9LCJzY2hlbWFfdmVyc2lvbiI6IjEifQ==",
          "dependencies": [
            "aws_subnet.public_subnet",
            "aws_vpc.my_vpc"
          ]
        }
      ]
    },
    {
      "mode": "managed",
      "type": "aws_subnet",
      "name": "private_subnet",
      "provider": "provider[\"registry.terraform.io/hashicorp/aws\"]",
      "instances": [
        {
          "schema_version": 1,
          "attributes": {
            "arn": "arn:aws:ec2:us-east-1:578607922422:subnet/subnet-059a8031ac0cf9807",
            "assign_ipv6_address_on_creation": false,
            "availability_zone": "us-east-1b",
            "availability_zone_id": "use1-az4",
            "cidr_block": "10.0.2.0/24",
            "customer_owned_ipv4_pool": "",
            "enable_dns64": false,
            "enable_lni_at_device_index": 0,
            "enable_resource_name_dns_a_record_on_launch": false,
            "enable_resource_name_dns_aaaa_record_on_launch": false,
            "id": "subnet-059a8031ac0cf9807",
            "ipv6_cidr_block": "",
            "ipv6_cidr_block_association_id": "",
            "ipv6_native": false,
            "map_customer_owned_ip_on_launch": false,
            "map_public_ip_on_launch": false,
            "outpost_arn": "",
            "owner_id": "578607922422",
            "private_dns_hostname_type_on_launch": "ip-name",
            "tags": {
              "Name": "private-subnet"
            },
            "tags_all": {
              "Name": "private-subnet"
            },
            "timeouts": null,
            "vpc_id": "vpc-0e7be9e7bb9896ea8"
          },
          "sensitive_attributes": [],
          "private": "eyJlMmJmYjczMC1lY2FhLTExZTYtOGY4OC0zNDM2M2JjN2M0YzAiOnsiY3JlYXRlIjo2MDAwMDAwMDAwMDAsImRlbGV0ZSI6MTIwMDAwMDAwMDAwMH0sInNjaGVtYV92ZXJzaW9uIjoiMSJ9",
          "dependencies": [
            "aws_vpc.my_vpc"
          ]
        }
      ]
    },
    {
      "mode": "managed",
      "type": "aws_subnet",
      "name": "public_subnet",
      "provider": "provider[\"registry.terraform.io/hashicorp/aws\"]",
      "instances": [
        {
          "schema_version": 1,
          "attributes": {
            "arn": "arn:aws:ec2:us-east-1:578607922422:subnet/subnet-0589f85a33b71f35b",
            "assign_ipv6_address_on_creation": false,
            "availability_zone": "us-east-1a",
            "availability_zone_id": "use1-az2",
            "cidr_block": "10.0.1.0/24",
            "customer_owned_ipv4_pool": "",
            "enable_dns64": false,
            "enable_lni_at_device_index": 0,
            "enable_resource_name_dns_a_record_on_launch": false,
            "enable_resource_name_dns_aaaa_record_on_launch": false,
            "id": "subnet-0589f85a33b71f35b",
            "ipv6_cidr_block": "",
            "ipv6_cidr_block_association_id": "",
            "ipv6_native": false,
            "map_customer_owned_ip_on_launch": false,
            "map_public_ip_on_launch": true,
            "outpost_arn": "",
            "owner_id": "578607922422",
            "private_dns_hostname_type_on_launch": "ip-name",
            "tags": {
              "Name": "public-subnet"
            },
            "tags_all": {
              "Name": "public-subnet"
            },
            "timeouts": null,
            "vpc_id": "vpc-0e7be9e7bb9896ea8"
          },
          "sensitive_attributes": [],
          "private": "eyJlMmJmYjczMC1lY2FhLTExZTYtOGY4OC0zNDM2M2JjN2M0YzAiOnsiY3JlYXRlIjo2MDAwMDAwMDAwMDAsImRlbGV0ZSI6MTIwMDAwMDAwMDAwMH0sInNjaGVtYV92ZXJzaW9uIjoiMSJ9",
          "dependencies": [
            "aws_vpc.my_vpc"
          ]
        }
      ]
    },
    {
      "mode": "managed",
      "type": "aws_vpc",
      "name": "my_vpc",
      "provider": "provider[\"registry.terraform.io/hashicorp/aws\"]",
      "instances": [
        {
          "schema_version": 1,
          "attributes": {
            "arn": "arn:aws:ec2:us-east-1:578607922422:vpc/vpc-0e7be9e7bb9896ea8",
            "assign_generated_ipv6_cidr_block": false,
            "cidr_block": "10.0.0.0/16",
            "default_network_acl_id": "acl-0abcdb7cb21ced5b8",
            "default_route_table_id": "rtb-035050b1fa4c80a20",
            "default_security_group_id": "sg-0fbff6f808bba67a0",
            "dhcp_options_id": "dopt-08ae75f974ed4f918",
            "enable_dns_hostnames": true,
            "enable_dns_support": true,
            "enable_network_address_usage_metrics": false,
            "id": "vpc-0e7be9e7bb9896ea8",
            "instance_tenancy": "default",
            "ipv4_ipam_pool_id": null,
            "ipv4_netmask_length": null,
            "ipv6_association_id": "",
            "ipv6_cidr_block": "",
            "ipv6_cidr_block_network_border_group": "",
            "ipv6_ipam_pool_id": "",
            "ipv6_netmask_length": 0,
            "main_route_table_id": "rtb-035050b1fa4c80a20",
            "owner_id": "578607922422",
            "tags": {
              "Name": "my-vpc"
            },
            "tags_all": {
              "Name": "my-vpc"
            }
          },
          "sensitive_attributes": [],
          "private": "eyJzY2hlbWFfdmVyc2lvbiI6IjEifQ=="
        }
      ]
    },
    {
      "mode": "managed",
      "type": "tls_private_key",
      "name": "my_key",
      "provider": "provider[\"registry.terraform.io/hashicorp/tls\"]",
      "instances": [
        {
          "schema_version": 1,
          "attributes": {
            "algorithm": "RSA",
            "ecdsa_curve": "P224",
            "id": "fb4d4e5123db8e871b4a8c501ce2aeafa96ae7d9",
            "private_key_openssh": "-----BEGIN OPENSSH PRIVATE KEY-----\nb3BlbnNzaC1rZXktdjEAAAAABG5vbmUAAAAEbm9uZQAAAAAAAAABAAABFwAAAAdz\nc2gtcnNhAAAAAwEAAQAAAQEA6rhePVS/8ym4HSqFr+FKGQ0tTOoW5d7uoAfbNOVS\nLSE4SG1JhH+7Y/UozWMD8disXeX1tJjs/zQgxzxx0xgwWz7ZBvPcxzFsyI56LyzH\nNlrRioyNaktJce0OEsmM9Vd+jKqI3ubhlm+pFRvU7oKc6ix42PYUqA9jWdtDO2MG\nFSXqkr6TlZUpobPw9HSGtUxNIEwrMGB62IanSM/FULktjYDWS4hKR+5fUaYRGDVN\nILlB6XCRSd9UyMEwb1jW5RXTl5BKZeh7GTBkKthV/i6yUstrOIBH8rNp4dnzuPQn\njAbOKJigT4q/n15IVWduEpOYjAChwDi2JY4fnX7k+2+y9wAAA7j3Ddvn9w3b5wAA\nAAdzc2gtcnNhAAABAQDquF49VL/zKbgdKoWv4UoZDS1M6hbl3u6gB9s05VItIThI\nbUmEf7tj9SjNYwPx2Kxd5fW0mOz/NCDHPHHTGDBbPtkG89zHMWzIjnovLMc2WtGK\njI1qS0lx7Q4SyYz1V36Mqoje5uGWb6kVG9TugpzqLHjY9hSoD2NZ20M7YwYVJeqS\nvpOVlSmhs/D0dIa1TE0gTCswYHrYhqdIz8VQuS2NgNZLiEpH7l9RphEYNU0guUHp\ncJFJ31TIwTBvWNblFdOXkEpl6HsZMGQq2FX+LrJSy2s4gEfys2nh2fO49CeMBs4o\nmKBPir+fXkhVZ24Sk5iMAKHAOLYljh+dfuT7b7L3AAAAAwEAAQAAAQEApnxRc+Uq\nJXrg+ecQXhlJao17JUQhK7k9vsrzxAgoipQ2jMDf1ZiYPSVGZLAnuyI52HxlFE0o\nRTgfS9Jm1hkhK4dfftv4LF21UGgm6FE1mCtA16osIEn4dVN0mQTW86q0u2e2n4xa\nVE8tOii8ltSUIlGbAiFBs5b+nFy2ymfJh7M6Vr0WT2GbPLgOT5Ii5whBHiUUbZlw\nnPBTWKa2TtXteRTl6SHmXgNSoYeo2eEzs5jdqY81pf5x8qrftXUvYYx7f1k+G1jO\nDSMSp+y30aIAkdrOlzrjm1IywstB8kgnQ4wTz37zp/YNxbnqehbLvyWSy19IACfx\nXfUotbeutW2cCQAAAIEAuGGNJKafXMJv6+Kd1Ar0+dyOVNeyuBchg7pHkQxYotI0\nvPoJ82FobgVy+R4NUDqQcVTp0pGh2OOAvwqd5qyWnac+bftfh/6il4XzWNd4TMeP\nEs9/eigEyD6M7jnVlGOnu3G0V+UdKH0QuV+X7s8WSOcP10bgVHS0FIk+cR8n9zcA\nAACBAO5V1T1LNc3rnyjKFnQxlKsNLZ9JfAgihePyjyjV7qUxitXu2ypa969gctDl\nDJXZITlQXEU5iB9Jly6u8iBb4Ef3gQ0qS2qYeit5CgeZDOirFvQuxhJuU/A+Bocb\ndD6WOfafZ87Y0TYBtFkDIdFxZsAtOGr8pHCXq++n3YI+WQ9rAAAAgQD8HfFBjxuU\nDDHl5pJrs7HcXDWL9XFocvQn1OIvkpu4XAk3Rg83Ih1njpZnrBF7yuGbk3ZzMOdo\nmNQSN1Qqc7XB1qzmpWrdVKST4zP21FKHyOqgGWBFy4mWgMMA3WShTBcBOjbD3fl1\n5sdK2D+ZU1t65zRxpkl1q7fpJ5sM1PoJpQAAAAAB\n-----END OPENSSH PRIVATE KEY-----\n",
            "private_key_pem": "-----BEGIN RSA PRIVATE KEY-----\nMIIEpQIBAAKCAQEA6rhePVS/8ym4HSqFr+FKGQ0tTOoW5d7uoAfbNOVSLSE4SG1J\nhH+7Y/UozWMD8disXeX1tJjs/zQgxzxx0xgwWz7ZBvPcxzFsyI56LyzHNlrRioyN\naktJce0OEsmM9Vd+jKqI3ubhlm+pFRvU7oKc6ix42PYUqA9jWdtDO2MGFSXqkr6T\nlZUpobPw9HSGtUxNIEwrMGB62IanSM/FULktjYDWS4hKR+5fUaYRGDVNILlB6XCR\nSd9UyMEwb1jW5RXTl5BKZeh7GTBkKthV/i6yUstrOIBH8rNp4dnzuPQnjAbOKJig\nT4q/n15IVWduEpOYjAChwDi2JY4fnX7k+2+y9wIDAQABAoIBAQCmfFFz5SoleuD5\n5xBeGUlqjXslRCEruT2+yvPECCiKlDaMwN/VmJg9JUZksCe7IjnYfGUUTShFOB9L\n0mbWGSErh19+2/gsXbVQaCboUTWYK0DXqiwgSfh1U3SZBNbzqrS7Z7afjFpUTy06\nKLyW1JQiUZsCIUGzlv6cXLbKZ8mHszpWvRZPYZs8uA5PkiLnCEEeJRRtmXCc8FNY\nprZO1e15FOXpIeZeA1Khh6jZ4TOzmN2pjzWl/nHyqt+1dS9hjHt/WT4bWM4NIxKn\n7LfRogCR2s6XOuObUjLCy0HySCdDjBPPfvOn9g3Fuep6Fsu/JZLLX0gAJ/Fd9Si1\nt661bZwJAoGBAO5V1T1LNc3rnyjKFnQxlKsNLZ9JfAgihePyjyjV7qUxitXu2ypa\n969gctDlDJXZITlQXEU5iB9Jly6u8iBb4Ef3gQ0qS2qYeit5CgeZDOirFvQuxhJu\nU/A+BocbdD6WOfafZ87Y0TYBtFkDIdFxZsAtOGr8pHCXq++n3YI+WQ9rAoGBAPwd\n8UGPG5QMMeXmkmuzsdxcNYv1cWhy9CfU4i+Sm7hcCTdGDzciHWeOlmesEXvK4ZuT\ndnMw52iY1BI3VCpztcHWrOalat1UpJPjM/bUUofI6qAZYEXLiZaAwwDdZKFMFwE6\nNsPd+XXmx0rYP5lTW3rnNHGmSXWrt+knmwzU+gmlAoGAT8uhB1KFAxqeQRPYDLME\n6XgSDECYLEkStszhLXTi36AEsbe03Stzvd320wW8/vahbwT+v5aRgpgq69Ba9IaO\nQsoVBQliEqBWVvPBbeXKMqQFnV+DpWwW4lqB6P5CHypA4ddg9BoXgZN0hFDOI8dp\n9XGub/OCQsglIqn7Ob4SJ10CgYEA/AFh+cn2IxHdfpPun8FKc52n2HJKHcFp07az\nMCI3jRxSCfH5m356Ld0U8iPIhhjRUhUgPRwQ8zhwIpUziAuJDmxq/1ExdHL63ugo\nNP0eUaO/ArDazmkY6ltikCa8Q44vIIbz3uyuQe+gHWvyhmwP8NXSUheJLhmrB18T\nWMw58hECgYEAuGGNJKafXMJv6+Kd1Ar0+dyOVNeyuBchg7pHkQxYotI0vPoJ82Fo\nbgVy+R4NUDqQcVTp0pGh2OOAvwqd5qyWnac+bftfh/6il4XzWNd4TMePEs9/eigE\nyD6M7jnVlGOnu3G0V+UdKH0QuV+X7s8WSOcP10bgVHS0FIk+cR8n9zc=\n-----END RSA PRIVATE KEY-----\n",
            "private_key_pem_pkcs8": "-----BEGIN PRIVATE KEY-----\nMIIEvwIBADANBgkqhkiG9w0BAQEFAASCBKkwggSlAgEAAoIBAQDquF49VL/zKbgd\nKoWv4UoZDS1M6hbl3u6gB9s05VItIThIbUmEf7tj9SjNYwPx2Kxd5fW0mOz/NCDH\nPHHTGDBbPtkG89zHMWzIjnovLMc2WtGKjI1qS0lx7Q4SyYz1V36Mqoje5uGWb6kV\nG9TugpzqLHjY9hSoD2NZ20M7YwYVJeqSvpOVlSmhs/D0dIa1TE0gTCswYHrYhqdI\nz8VQuS2NgNZLiEpH7l9RphEYNU0guUHpcJFJ31TIwTBvWNblFdOXkEpl6HsZMGQq\n2FX+LrJSy2s4gEfys2nh2fO49CeMBs4omKBPir+fXkhVZ24Sk5iMAKHAOLYljh+d\nfuT7b7L3AgMBAAECggEBAKZ8UXPlKiV64PnnEF4ZSWqNeyVEISu5Pb7K88QIKIqU\nNozA39WYmD0lRmSwJ7siOdh8ZRRNKEU4H0vSZtYZISuHX37b+CxdtVBoJuhRNZgr\nQNeqLCBJ+HVTdJkE1vOqtLtntp+MWlRPLToovJbUlCJRmwIhQbOW/pxctspnyYez\nOla9Fk9hmzy4Dk+SIucIQR4lFG2ZcJzwU1imtk7V7XkU5ekh5l4DUqGHqNnhM7OY\n3amPNaX+cfKq37V1L2GMe39ZPhtYzg0jEqfst9GiAJHazpc645tSMsLLQfJIJ0OM\nE89+86f2DcW56noWy78lkstfSAAn8V31KLW3rrVtnAkCgYEA7lXVPUs1zeufKMoW\ndDGUqw0tn0l8CCKF4/KPKNXupTGK1e7bKlr3r2By0OUMldkhOVBcRTmIH0mXLq7y\nIFvgR/eBDSpLaph6K3kKB5kM6KsW9C7GEm5T8D4Ghxt0PpY59p9nztjRNgG0WQMh\n0XFmwC04avykcJer76fdgj5ZD2sCgYEA/B3xQY8blAwx5eaSa7Ox3Fw1i/VxaHL0\nJ9TiL5KbuFwJN0YPNyIdZ46WZ6wRe8rhm5N2czDnaJjUEjdUKnO1wdas5qVq3VSk\nk+Mz9tRSh8jqoBlgRcuJloDDAN1koUwXATo2w935debHStg/mVNbeuc0caZJdau3\n6SebDNT6CaUCgYBPy6EHUoUDGp5BE9gMswTpeBIMQJgsSRK2zOEtdOLfoASxt7Td\nK3O93fbTBbz+9qFvBP6/lpGCmCrr0Fr0ho5CyhUFCWISoFZW88Ft5coypAWdX4Ol\nbBbiWoHo/kIfKkDh12D0GheBk3SEUM4jx2n1ca5v84JCyCUiqfs5vhInXQKBgQD8\nAWH5yfYjEd1+k+6fwUpznafYckodwWnTtrMwIjeNHFIJ8fmbfnot3RTyI8iGGNFS\nFSA9HBDzOHAilTOIC4kObGr/UTF0cvre6Cg0/R5Ro78CsNrOaRjqW2KQJrxDji8g\nhvPe7K5B76Ada/KGbA/w1dJSF4kuGasHXxNYzDnyEQKBgQC4YY0kpp9cwm/r4p3U\nCvT53I5U17K4FyGDukeRDFii0jS8+gnzYWhuBXL5Hg1QOpBxVOnSkaHY44C/Cp3m\nrJadpz5t+1+H/qKXhfNY13hMx48Sz396KATIPozuOdWUY6e7cbRX5R0ofRC5X5fu\nzxZI5w/XRuBUdLQUiT5xHyf3Nw==\n-----END PRIVATE KEY-----\n",
            "public_key_fingerprint_md5": "f6:11:70:ee:23:52:cd:c4:32:83:55:3b:de:46:85:41",
            "public_key_fingerprint_sha256": "SHA256:DfUJJbFgC682dVYxKYiRsPQz+nR9o9Z1/TALg1jrpFY",
            "public_key_openssh": "ssh-rsa AAAAB3NzaC1yc2EAAAADAQABAAABAQDquF49VL/zKbgdKoWv4UoZDS1M6hbl3u6gB9s05VItIThIbUmEf7tj9SjNYwPx2Kxd5fW0mOz/NCDHPHHTGDBbPtkG89zHMWzIjnovLMc2WtGKjI1qS0lx7Q4SyYz1V36Mqoje5uGWb6kVG9TugpzqLHjY9hSoD2NZ20M7YwYVJeqSvpOVlSmhs/D0dIa1TE0gTCswYHrYhqdIz8VQuS2NgNZLiEpH7l9RphEYNU0guUHpcJFJ31TIwTBvWNblFdOXkEpl6HsZMGQq2FX+LrJSy2s4gEfys2nh2fO49CeMBs4omKBPir+fXkhVZ24Sk5iMAKHAOLYljh+dfuT7b7L3\n",
            "public_key_pem": "-----BEGIN PUBLIC KEY-----\nMIIBIjANBgkqhkiG9w0BAQEFAAOCAQ8AMIIBCgKCAQEA6rhePVS/8ym4HSqFr+FK\nGQ0tTOoW5d7uoAfbNOVSLSE4SG1JhH+7Y/UozWMD8disXeX1tJjs/zQgxzxx0xgw\nWz7ZBvPcxzFsyI56LyzHNlrRioyNaktJce0OEsmM9Vd+jKqI3ubhlm+pFRvU7oKc\n6ix42PYUqA9jWdtDO2MGFSXqkr6TlZUpobPw9HSGtUxNIEwrMGB62IanSM/FULkt\njYDWS4hKR+5fUaYRGDVNILlB6XCRSd9UyMEwb1jW5RXTl5BKZeh7GTBkKthV/i6y\nUstrOIBH8rNp4dnzuPQnjAbOKJigT4q/n15IVWduEpOYjAChwDi2JY4fnX7k+2+y\n9wIDAQAB\n-----END PUBLIC KEY-----\n",
            "rsa_bits": 2048
          },
          "sensitive_attributes": []
        }
      ]
    }
  ],
  "check_results": null
}
